
Microsoft Visual Studio Solution File, Format Version 12.00
# Visual Studio Version 16
VisualStudioVersion = 16.0.29911.84
MinimumVisualStudioVersion = 10.0.40219.1
Project("{FAE04EC0-301F-11D3-BF4B-00C04F79EFBC}") = "Chapter3", "Chapter3\Chapter3.csproj", "{C0FC9967-1C68-4155-A92E-99506A3BAA2D}"
EndProject
Global
	GlobalSection(SolutionConfigurationPlatforms) = preSolution
		Debug|Any CPU = Debug|Any CPU
		Release|Any CPU = Release|Any CPU
	EndGlobalSection
	GlobalSection(ProjectConfigurationPlatforms) = postSolution
		{C0FC9967-1C68-4155-A92E-99506A3BAA2D}.Debug|Any CPU.ActiveCfg = Debug|Any CPU
		{C0FC9967-1C68-4155-A92E-99506A3BAA2D}.Debug|Any CPU.Build.0 = Debug|Any CPU
		{C0FC9967-1C68-4155-A92E-99506A3BAA2D}.Release|Any CPU.ActiveCfg = Release|Any CPU
		{C0FC9967-1C68-4155-A92E-99506A3BAA2D}.Release|Any CPU.Build.0 = Release|Any CPU
	EndGlobalSection
	GlobalSection(SolutionProperties) = preSolution
		HideSolutionNode = FALSE
	EndGlobalSection
	GlobalSection(ExtensibilityGlobals) = postSolution
		SolutionGuid = {2CEEB7D9-D42B-4FDF-A840-0A7E7C9C08D1}
	EndGlobalSection
EndGlobal
